
Microsoft Visual Studio Solution File, Format Version 10.00
# Visual Studio 2008
Project("{FAE04EC0-301F-11D3-BF4B-00C04F79EFBC}") = "Midas2ANSYS", "Midas2ANSYS\Midas2ANSYS.csproj", "{6BB6695E-18DC-4512-B075-6764E7B930E6}"
EndProject
Project("{FAE04EC0-301F-11D3-BF4B-00C04F79EFBC}") = "MidasGenModel", "MidasGenModel\MidasGenModel.csproj", "{733A5DA0-4D5D-43D7-9614-DE6F7EF5E09B}"
EndProject
Global
	GlobalSection(SolutionConfigurationPlatforms) = preSolution
		Debug|Any CPU = Debug|Any CPU
		Release|Any CPU = Release|Any CPU
	EndGlobalSection
	GlobalSection(ProjectConfigurationPlatforms) = postSolution
		{6BB6695E-18DC-4512-B075-6764E7B930E6}.Debug|Any CPU.ActiveCfg = Debug|Any CPU
		{6BB6695E-18DC-4512-B075-6764E7B930E6}.Debug|Any CPU.Build.0 = Debug|Any CPU
		{6BB6695E-18DC-4512-B075-6764E7B930E6}.Release|Any CPU.ActiveCfg = Release|Any CPU
		{6BB6695E-18DC-4512-B075-6764E7B930E6}.Release|Any CPU.Build.0 = Release|Any CPU
		{733A5DA0-4D5D-43D7-9614-DE6F7EF5E09B}.Debug|Any CPU.ActiveCfg = Debug|Any CPU
		{733A5DA0-4D5D-43D7-9614-DE6F7EF5E09B}.Debug|Any CPU.Build.0 = Debug|Any CPU
		{733A5DA0-4D5D-43D7-9614-DE6F7EF5E09B}.Release|Any CPU.ActiveCfg = Release|Any CPU
		{733A5DA0-4D5D-43D7-9614-DE6F7EF5E09B}.Release|Any CPU.Build.0 = Release|Any CPU
	EndGlobalSection
	GlobalSection(SolutionProperties) = preSolution
		HideSolutionNode = FALSE
	EndGlobalSection
EndGlobal
